
Microsoft Visual Studio Solution File, Format Version 12.00
# Visual Studio 15
VisualStudioVersion = 15.0.28307.2092
MinimumVisualStudioVersion = 10.0.40219.1
Project("{8BC9CEB8-8B4A-11D0-8D11-00A0C91BC942}") = "IndexTests", "IndexTests\IndexTests.vcxproj", "{A098741F-79B2-44FE-9FE3-D6DA4063C07E}"
EndProject
Global
	GlobalSection(SolutionConfigurationPlatforms) = preSolution
		Debug|x64 = Debug|x64
		Debug|x86 = Debug|x86
		Release|x64 = Release|x64
		Release|x86 = Release|x86
	EndGlobalSection
	GlobalSection(ProjectConfigurationPlatforms) = postSolution
		{A098741F-79B2-44FE-9FE3-D6DA4063C07E}.Debug|x64.ActiveCfg = Debug|x64
		{A098741F-79B2-44FE-9FE3-D6DA4063C07E}.Debug|x64.Build.0 = Debug|x64
		{A098741F-79B2-44FE-9FE3-D6DA4063C07E}.Debug|x86.ActiveCfg = Debug|Win32
		{A098741F-79B2-44FE-9FE3-D6DA4063C07E}.Debug|x86.Build.0 = Debug|Win32
		{A098741F-79B2-44FE-9FE3-D6DA4063C07E}.Release|x64.ActiveCfg = Release|x64
		{A098741F-79B2-44FE-9FE3-D6DA4063C07E}.Release|x64.Build.0 = Release|x64
		{A098741F-79B2-44FE-9FE3-D6DA4063C07E}.Release|x86.ActiveCfg = Release|Win32
		{A098741F-79B2-44FE-9FE3-D6DA4063C07E}.Release|x86.Build.0 = Release|Win32
	EndGlobalSection
	GlobalSection(SolutionProperties) = preSolution
		HideSolutionNode = FALSE
	EndGlobalSection
	GlobalSection(ExtensibilityGlobals) = postSolution
		SolutionGuid = {0BD7AB39-2ACD-4733-A860-2713AB5C32C2}
	EndGlobalSection
EndGlobal
